
Microsoft Visual Studio Solution File, Format Version 12.00
# Visual Studio Version 17
VisualStudioVersion = 17.9.34622.214
MinimumVisualStudioVersion = 10.0.40219.1
Project("{FAE04EC0-301F-11D3-BF4B-00C04F79EFBC}") = "C#FundamentalDay1", "C#FundamentalDay1.csproj", "{AD868E90-1407-485D-B35F-012EF4AD2FCD}"
EndProject
Global
	GlobalSection(SolutionConfigurationPlatforms) = preSolution
		Debug|Any CPU = Debug|Any CPU
		Release|Any CPU = Release|Any CPU
	EndGlobalSection
	GlobalSection(ProjectConfigurationPlatforms) = postSolution
		{AD868E90-1407-485D-B35F-012EF4AD2FCD}.Debug|Any CPU.ActiveCfg = Debug|Any CPU
		{AD868E90-1407-485D-B35F-012EF4AD2FCD}.Debug|Any CPU.Build.0 = Debug|Any CPU
		{AD868E90-1407-485D-B35F-012EF4AD2FCD}.Release|Any CPU.ActiveCfg = Release|Any CPU
		{AD868E90-1407-485D-B35F-012EF4AD2FCD}.Release|Any CPU.Build.0 = Release|Any CPU
	EndGlobalSection
	GlobalSection(SolutionProperties) = preSolution
		HideSolutionNode = FALSE
	EndGlobalSection
	GlobalSection(ExtensibilityGlobals) = postSolution
		SolutionGuid = {1109593A-FCC1-42CD-AF6B-0AAFC5624B44}
	EndGlobalSection
EndGlobal
