
Microsoft Visual Studio Solution File, Format Version 12.00
# Visual Studio Version 17
VisualStudioVersion = 17.9.34622.214
MinimumVisualStudioVersion = 10.0.40219.1
Project("{9A19103F-16F7-4668-BE54-9A1E7A4F7556}") = "API_ASPNET_Assignment1.WebAPI", "API_ASPNET_Assignment1.WebAPI\API_ASPNET_Assignment1.WebAPI.csproj", "{C19B6F54-B3D4-4245-BAF4-1420CC34112B}"
EndProject
Project("{9A19103F-16F7-4668-BE54-9A1E7A4F7556}") = "API_ASPNET_Assignment1.Models", "API_ASPNET_Assignment1.Models\API_ASPNET_Assignment1.Models.csproj", "{639F68BF-8D45-473C-90D3-DF1458C9AC27}"
EndProject
Project("{FAE04EC0-301F-11D3-BF4B-00C04F79EFBC}") = "API_ASPNET_Assignment1.BusinessLogic", "API_ASPNET_Assignment1.BusinessLogic\API_ASPNET_Assignment1.BusinessLogic.csproj", "{C537F737-B596-417E-B647-69930B37428C}"
EndProject
Global
	GlobalSection(SolutionConfigurationPlatforms) = preSolution
		Debug|Any CPU = Debug|Any CPU
		Release|Any CPU = Release|Any CPU
	EndGlobalSection
	GlobalSection(ProjectConfigurationPlatforms) = postSolution
		{C19B6F54-B3D4-4245-BAF4-1420CC34112B}.Debug|Any CPU.ActiveCfg = Debug|Any CPU
		{C19B6F54-B3D4-4245-BAF4-1420CC34112B}.Debug|Any CPU.Build.0 = Debug|Any CPU
		{C19B6F54-B3D4-4245-BAF4-1420CC34112B}.Release|Any CPU.ActiveCfg = Release|Any CPU
		{C19B6F54-B3D4-4245-BAF4-1420CC34112B}.Release|Any CPU.Build.0 = Release|Any CPU
		{639F68BF-8D45-473C-90D3-DF1458C9AC27}.Debug|Any CPU.ActiveCfg = Debug|Any CPU
		{639F68BF-8D45-473C-90D3-DF1458C9AC27}.Debug|Any CPU.Build.0 = Debug|Any CPU
		{639F68BF-8D45-473C-90D3-DF1458C9AC27}.Release|Any CPU.ActiveCfg = Release|Any CPU
		{639F68BF-8D45-473C-90D3-DF1458C9AC27}.Release|Any CPU.Build.0 = Release|Any CPU
		{C537F737-B596-417E-B647-69930B37428C}.Debug|Any CPU.ActiveCfg = Debug|Any CPU
		{C537F737-B596-417E-B647-69930B37428C}.Debug|Any CPU.Build.0 = Debug|Any CPU
		{C537F737-B596-417E-B647-69930B37428C}.Release|Any CPU.ActiveCfg = Release|Any CPU
		{C537F737-B596-417E-B647-69930B37428C}.Release|Any CPU.Build.0 = Release|Any CPU
	EndGlobalSection
	GlobalSection(SolutionProperties) = preSolution
		HideSolutionNode = FALSE
	EndGlobalSection
	GlobalSection(ExtensibilityGlobals) = postSolution
		SolutionGuid = {3CD1C1BA-3844-42A6-8DA6-A1ED3CC6BA7C}
	EndGlobalSection
EndGlobal
